// !$*UTF8*$!
{
	archiveVersion = 1;
	classes = {
	};
	objectVersion = 55;
	objects = {

/* Begin PBXBuildFile section */
		8627CB04287B689100CD47A9 /* FirebaseAnalytics in Frameworks */ = {isa = PBXBuildFile; productRef = 8627CB03287B689100CD47A9 /* FirebaseAnalytics */; };
		8627CB06287B689100CD47A9 /* FirebaseAuth in Frameworks */ = {isa = PBXBuildFile; productRef = 8627CB05287B689100CD47A9 /* FirebaseAuth */; };
		8627CB08287B689100CD47A9 /* FirebaseDatabase in Frameworks */ = {isa = PBXBuildFile; productRef = 8627CB07287B689100CD47A9 /* FirebaseDatabase */; };
		8627CB0A287B689100CD47A9 /* FirebaseFirestore in Frameworks */ = {isa = PBXBuildFile; productRef = 8627CB09287B689100CD47A9 /* FirebaseFirestore */; };
		8627CB0C287B689100CD47A9 /* FirebaseMessaging in Frameworks */ = {isa = PBXBuildFile; productRef = 8627CB0B287B689100CD47A9 /* FirebaseMessaging */; };
		8627CB0E287B689100CD47A9 /* FirebaseStorage in Frameworks */ = {isa = PBXBuildFile; productRef = 8627CB0D287B689100CD47A9 /* FirebaseStorage */; };
		8627CB11287B68D200CD47A9 /* Realm in Frameworks */ = {isa = PBXBuildFile; productRef = 8627CB10287B68D200CD47A9 /* Realm */; };
		8627CB13287B68D200CD47A9 /* RealmSwift in Frameworks */ = {isa = PBXBuildFile; productRef = 8627CB12287B68D200CD47A9 /* RealmSwift */; };
		868251F7286C23750095998E /* GitHub_iOSApp.swift in Sources */ = {isa = PBXBuildFile; fileRef = 868251F6286C23750095998E /* GitHub_iOSApp.swift */; };
		868251FB286C23760095998E /* Assets.xcassets in Resources */ = {isa = PBXBuildFile; fileRef = 868251FA286C23760095998E /* Assets.xcassets */; };
		868251FE286C23760095998E /* Preview Assets.xcassets in Resources */ = {isa = PBXBuildFile; fileRef = 868251FD286C23760095998E /* Preview Assets.xcassets */; };
		86825206286C239A0095998E /* HomeView.swift in Sources */ = {isa = PBXBuildFile; fileRef = 86825205286C239A0095998E /* HomeView.swift */; };
		86825209286C23B30095998E /* SignView.swift in Sources */ = {isa = PBXBuildFile; fileRef = 86825208286C23B30095998E /* SignView.swift */; };
		8682520C286C2ABE0095998E /* Items.swift in Sources */ = {isa = PBXBuildFile; fileRef = 8682520B286C2ABE0095998E /* Items.swift */; };
		8682520F286C2E820095998E /* MainView.swift in Sources */ = {isa = PBXBuildFile; fileRef = 8682520E286C2E820095998E /* MainView.swift */; };
		86825211286C2EDD0095998E /* NotificationsView.swift in Sources */ = {isa = PBXBuildFile; fileRef = 86825210286C2EDD0095998E /* NotificationsView.swift */; };
		86825213286C2EEA0095998E /* ExploreView.swift in Sources */ = {isa = PBXBuildFile; fileRef = 86825212286C2EEA0095998E /* ExploreView.swift */; };
		86825215286C2EF90095998E /* ProfileView.swift in Sources */ = {isa = PBXBuildFile; fileRef = 86825214286C2EF90095998E /* ProfileView.swift */; };
		86825217286C2FC10095998E /* AppState.swift in Sources */ = {isa = PBXBuildFile; fileRef = 86825216286C2FC10095998E /* AppState.swift */; };
		8682521A286C30E70095998E /* TitleView.swift in Sources */ = {isa = PBXBuildFile; fileRef = 86825219286C30E70095998E /* TitleView.swift */; };
		86BFF0F6286D97B30041B45C /* GoogleService-Info.plist in Resources */ = {isa = PBXBuildFile; fileRef = 86BFF0F5286D97B30041B45C /* GoogleService-Info.plist */; };
		86BFF109286D98D90041B45C /* AppDelegate.swift in Sources */ = {isa = PBXBuildFile; fileRef = 86BFF108286D98D90041B45C /* AppDelegate.swift */; };
		86BFF10C286D9AC70041B45C /* AuthViewModel.swift in Sources */ = {isa = PBXBuildFile; fileRef = 86BFF10B286D9AC70041B45C /* AuthViewModel.swift */; };
		86BFF114286DA0780041B45C /* GitHub.swift in Sources */ = {isa = PBXBuildFile; fileRef = 86BFF113286DA0780041B45C /* GitHub.swift */; };
		86BFF117286E18AC0041B45C /* LaunchView.swift in Sources */ = {isa = PBXBuildFile; fileRef = 86BFF116286E18AC0041B45C /* LaunchView.swift */; };
		86BFF119286E18BC0041B45C /* LaunchScreen.storyboard in Resources */ = {isa = PBXBuildFile; fileRef = 86BFF118286E18BC0041B45C /* LaunchScreen.storyboard */; };
		86BFF11B286E19940041B45C /* LaunchViewModel.swift in Sources */ = {isa = PBXBuildFile; fileRef = 86BFF11A286E19940041B45C /* LaunchViewModel.swift */; };
		86BFF11D286E1CF80041B45C /* User.swift in Sources */ = {isa = PBXBuildFile; fileRef = 86BFF11C286E1CF80041B45C /* User.swift */; };
		86BFF11F286E1DED0041B45C /* ProfileViewModel.swift in Sources */ = {isa = PBXBuildFile; fileRef = 86BFF11E286E1DED0041B45C /* ProfileViewModel.swift */; };
		86BFF121286E25890041B45C /* RowIconText.swift in Sources */ = {isa = PBXBuildFile; fileRef = 86BFF120286E25890041B45C /* RowIconText.swift */; };
		86BFF123286E26910041B45C /* ImageAsync.swift in Sources */ = {isa = PBXBuildFile; fileRef = 86BFF122286E26910041B45C /* ImageAsync.swift */; };
		86C3BE8C28702C5F007AFBBD /* UserRequest.swift in Sources */ = {isa = PBXBuildFile; fileRef = 86C3BE8B28702C5F007AFBBD /* UserRequest.swift */; };
		86C3BE8E28709572007AFBBD /* Service.swift in Sources */ = {isa = PBXBuildFile; fileRef = 86C3BE8D28709572007AFBBD /* Service.swift */; };
		86C3BE9028709592007AFBBD /* Routes.swift in Sources */ = {isa = PBXBuildFile; fileRef = 86C3BE8F28709592007AFBBD /* Routes.swift */; };
		86E755AC287BC51200BF1B6F /* Notifications.swift in Sources */ = {isa = PBXBuildFile; fileRef = 86E755AB287BC51200BF1B6F /* Notifications.swift */; };
		86E755AE287BCA9800BF1B6F /* NotificationRow.swift in Sources */ = {isa = PBXBuildFile; fileRef = 86E755AD287BCA9800BF1B6F /* NotificationRow.swift */; };
		86E755B0287BCF9300BF1B6F /* NotificationRequest.swift in Sources */ = {isa = PBXBuildFile; fileRef = 86E755AF287BCF9300BF1B6F /* NotificationRequest.swift */; };
		86E755B2287BD06900BF1B6F /* NotificationViewModel.swift in Sources */ = {isa = PBXBuildFile; fileRef = 86E755B1287BD06900BF1B6F /* NotificationViewModel.swift */; };
		86E755B4287BF87A00BF1B6F /* RepositoriesView.swift in Sources */ = {isa = PBXBuildFile; fileRef = 86E755B3287BF87A00BF1B6F /* RepositoriesView.swift */; };
		86F58A9E287E28BD00BC6BC3 /* RepositoryRow.swift in Sources */ = {isa = PBXBuildFile; fileRef = 86F58A9D287E28BD00BC6BC3 /* RepositoryRow.swift */; };
		86F58AA0287E30C300BC6BC3 /* Repository.swift in Sources */ = {isa = PBXBuildFile; fileRef = 86F58A9F287E30C300BC6BC3 /* Repository.swift */; };
		86F58AA2287E319800BC6BC3 /* RepositoryViewModel.swift in Sources */ = {isa = PBXBuildFile; fileRef = 86F58AA1287E319800BC6BC3 /* RepositoryViewModel.swift */; };
		86F58AA4287E32FF00BC6BC3 /* RepositoryRequest.swift in Sources */ = {isa = PBXBuildFile; fileRef = 86F58AA3287E32FF00BC6BC3 /* RepositoryRequest.swift */; };
/* End PBXBuildFile section */

/* Begin PBXFileReference section */
		868251F3286C23750095998E /* GitHub iOS.app */ = {isa = PBXFileReference; explicitFileType = wrapper.application; includeInIndex = 0; path = "GitHub iOS.app"; sourceTree = BUILT_PRODUCTS_DIR; };
		868251F6286C23750095998E /* GitHub_iOSApp.swift */ = {isa = PBXFileReference; lastKnownFileType = sourcecode.swift; path = GitHub_iOSApp.swift; sourceTree = "<group>"; };
		868251FA286C23760095998E /* Assets.xcassets */ = {isa = PBXFileReference; lastKnownFileType = folder.assetcatalog; path = Assets.xcassets; sourceTree = "<group>"; };
		868251FD286C23760095998E /* Preview Assets.xcassets */ = {isa = PBXFileReference; lastKnownFileType = folder.assetcatalog; path = "Preview Assets.xcassets"; sourceTree = "<group>"; };
		86825205286C239A0095998E /* HomeView.swift */ = {isa = PBXFileReference; lastKnownFileType = sourcecode.swift; path = HomeView.swift; sourceTree = "<group>"; };
		86825208286C23B30095998E /* SignView.swift */ = {isa = PBXFileReference; lastKnownFileType = sourcecode.swift; path = SignView.swift; sourceTree = "<group>"; };
		8682520B286C2ABE0095998E /* Items.swift */ = {isa = PBXFileReference; lastKnownFileType = sourcecode.swift; path = Items.swift; sourceTree = "<group>"; };
		8682520E286C2E820095998E /* MainView.swift */ = {isa = PBXFileReference; lastKnownFileType = sourcecode.swift; path = MainView.swift; sourceTree = "<group>"; };
		86825210286C2EDD0095998E /* NotificationsView.swift */ = {isa = PBXFileReference; lastKnownFileType = sourcecode.swift; path = NotificationsView.swift; sourceTree = "<group>"; };
		86825212286C2EEA0095998E /* ExploreView.swift */ = {isa = PBXFileReference; lastKnownFileType = sourcecode.swift; path = ExploreView.swift; sourceTree = "<group>"; };
		86825214286C2EF90095998E /* ProfileView.swift */ = {isa = PBXFileReference; lastKnownFileType = sourcecode.swift; path = ProfileView.swift; sourceTree = "<group>"; };
		86825216286C2FC10095998E /* AppState.swift */ = {isa = PBXFileReference; lastKnownFileType = sourcecode.swift; path = AppState.swift; sourceTree = "<group>"; };
		86825219286C30E70095998E /* TitleView.swift */ = {isa = PBXFileReference; lastKnownFileType = sourcecode.swift; path = TitleView.swift; sourceTree = "<group>"; };
		86BFF0F5286D97B30041B45C /* GoogleService-Info.plist */ = {isa = PBXFileReference; fileEncoding = 4; lastKnownFileType = text.plist.xml; path = "GoogleService-Info.plist"; sourceTree = "<group>"; };
		86BFF108286D98D90041B45C /* AppDelegate.swift */ = {isa = PBXFileReference; lastKnownFileType = sourcecode.swift; path = AppDelegate.swift; sourceTree = "<group>"; };
		86BFF10B286D9AC70041B45C /* AuthViewModel.swift */ = {isa = PBXFileReference; lastKnownFileType = sourcecode.swift; path = AuthViewModel.swift; sourceTree = "<group>"; };
		86BFF10D286D9DAE0041B45C /* GitHub-iOS-Info.plist */ = {isa = PBXFileReference; lastKnownFileType = text.plist; path = "GitHub-iOS-Info.plist"; sourceTree = SOURCE_ROOT; };
		86BFF113286DA0780041B45C /* GitHub.swift */ = {isa = PBXFileReference; lastKnownFileType = sourcecode.swift; path = GitHub.swift; sourceTree = "<group>"; };
		86BFF116286E18AC0041B45C /* LaunchView.swift */ = {isa = PBXFileReference; lastKnownFileType = sourcecode.swift; path = LaunchView.swift; sourceTree = "<group>"; };
		86BFF118286E18BC0041B45C /* LaunchScreen.storyboard */ = {isa = PBXFileReference; lastKnownFileType = file.storyboard; path = LaunchScreen.storyboard; sourceTree = "<group>"; };
		86BFF11A286E19940041B45C /* LaunchViewModel.swift */ = {isa = PBXFileReference; lastKnownFileType = sourcecode.swift; path = LaunchViewModel.swift; sourceTree = "<group>"; };
		86BFF11C286E1CF80041B45C /* User.swift */ = {isa = PBXFileReference; lastKnownFileType = sourcecode.swift; path = User.swift; sourceTree = "<group>"; };
		86BFF11E286E1DED0041B45C /* ProfileViewModel.swift */ = {isa = PBXFileReference; lastKnownFileType = sourcecode.swift; path = ProfileViewModel.swift; sourceTree = "<group>"; };
		86BFF120286E25890041B45C /* RowIconText.swift */ = {isa = PBXFileReference; lastKnownFileType = sourcecode.swift; path = RowIconText.swift; sourceTree = "<group>"; };
		86BFF122286E26910041B45C /* ImageAsync.swift */ = {isa = PBXFileReference; lastKnownFileType = sourcecode.swift; path = ImageAsync.swift; sourceTree = "<group>"; };
		86C3BE8B28702C5F007AFBBD /* UserRequest.swift */ = {isa = PBXFileReference; lastKnownFileType = sourcecode.swift; path = UserRequest.swift; sourceTree = "<group>"; };
		86C3BE8D28709572007AFBBD /* Service.swift */ = {isa = PBXFileReference; lastKnownFileType = sourcecode.swift; path = Service.swift; sourceTree = "<group>"; };
		86C3BE8F28709592007AFBBD /* Routes.swift */ = {isa = PBXFileReference; lastKnownFileType = sourcecode.swift; path = Routes.swift; sourceTree = "<group>"; };
		86E755AB287BC51200BF1B6F /* Notifications.swift */ = {isa = PBXFileReference; lastKnownFileType = sourcecode.swift; path = Notifications.swift; sourceTree = "<group>"; };
		86E755AD287BCA9800BF1B6F /* NotificationRow.swift */ = {isa = PBXFileReference; lastKnownFileType = sourcecode.swift; path = NotificationRow.swift; sourceTree = "<group>"; };
		86E755AF287BCF9300BF1B6F /* NotificationRequest.swift */ = {isa = PBXFileReference; lastKnownFileType = sourcecode.swift; path = NotificationRequest.swift; sourceTree = "<group>"; };
		86E755B1287BD06900BF1B6F /* NotificationViewModel.swift */ = {isa = PBXFileReference; lastKnownFileType = sourcecode.swift; path = NotificationViewModel.swift; sourceTree = "<group>"; };
		86E755B3287BF87A00BF1B6F /* RepositoriesView.swift */ = {isa = PBXFileReference; lastKnownFileType = sourcecode.swift; path = RepositoriesView.swift; sourceTree = "<group>"; };
		86F58A9D287E28BD00BC6BC3 /* RepositoryRow.swift */ = {isa = PBXFileReference; lastKnownFileType = sourcecode.swift; path = RepositoryRow.swift; sourceTree = "<group>"; };
		86F58A9F287E30C300BC6BC3 /* Repository.swift */ = {isa = PBXFileReference; lastKnownFileType = sourcecode.swift; path = Repository.swift; sourceTree = "<group>"; };
		86F58AA1287E319800BC6BC3 /* RepositoryViewModel.swift */ = {isa = PBXFileReference; lastKnownFileType = sourcecode.swift; path = RepositoryViewModel.swift; sourceTree = "<group>"; };
		86F58AA3287E32FF00BC6BC3 /* RepositoryRequest.swift */ = {isa = PBXFileReference; lastKnownFileType = sourcecode.swift; path = RepositoryRequest.swift; sourceTree = "<group>"; };
/* End PBXFileReference section */

/* Begin PBXFrameworksBuildPhase section */
		868251F0286C23750095998E /* Frameworks */ = {
			isa = PBXFrameworksBuildPhase;
			buildActionMask = 2147483647;
			files = (
				8627CB13287B68D200CD47A9 /* RealmSwift in Frameworks */,
				8627CB11287B68D200CD47A9 /* Realm in Frameworks */,
				8627CB08287B689100CD47A9 /* FirebaseDatabase in Frameworks */,
				8627CB0A287B689100CD47A9 /* FirebaseFirestore in Frameworks */,
				8627CB0C287B689100CD47A9 /* FirebaseMessaging in Frameworks */,
				8627CB04287B689100CD47A9 /* FirebaseAnalytics in Frameworks */,
				8627CB06287B689100CD47A9 /* FirebaseAuth in Frameworks */,
				8627CB0E287B689100CD47A9 /* FirebaseStorage in Frameworks */,
			);
			runOnlyForDeploymentPostprocessing = 0;
		};
/* End PBXFrameworksBuildPhase section */

/* Begin PBXGroup section */
		868251EA286C23750095998E = {
			isa = PBXGroup;
			children = (
				868251F5286C23750095998E /* GitHub iOS */,
				868251F4286C23750095998E /* Products */,
			);
			sourceTree = "<group>";
		};
		868251F4286C23750095998E /* Products */ = {
			isa = PBXGroup;
			children = (
				868251F3286C23750095998E /* GitHub iOS.app */,
			);
			name = Products;
			sourceTree = "<group>";
		};
		868251F5286C23750095998E /* GitHub iOS */ = {
			isa = PBXGroup;
			children = (
				86C3BE8A28702C50007AFBBD /* Service */,
				86BFF115286E183F0041B45C /* Launch */,
				86BFF10A286D9AB80041B45C /* ViewModels */,
				86825218286C30DA0095998E /* Components */,
				8682520D286C2E770095998E /* Main */,
				8682520A286C2AB40095998E /* Models */,
				86825207286C23A50095998E /* Onboarding */,
				86825204286C23850095998E /* Views */,
				868251F6286C23750095998E /* GitHub_iOSApp.swift */,
				86825216286C2FC10095998E /* AppState.swift */,
				86BFF108286D98D90041B45C /* AppDelegate.swift */,
				86BFF10D286D9DAE0041B45C /* GitHub-iOS-Info.plist */,
				86BFF0F5286D97B30041B45C /* GoogleService-Info.plist */,
				868251FA286C23760095998E /* Assets.xcassets */,
				868251FC286C23760095998E /* Preview Content */,
			);
			path = "GitHub iOS";
			sourceTree = "<group>";
		};
		868251FC286C23760095998E /* Preview Content */ = {
			isa = PBXGroup;
			children = (
				868251FD286C23760095998E /* Preview Assets.xcassets */,
			);
			path = "Preview Content";
			sourceTree = "<group>";
		};
		86825204286C23850095998E /* Views */ = {
			isa = PBXGroup;
			children = (
				86825205286C239A0095998E /* HomeView.swift */,
				86825210286C2EDD0095998E /* NotificationsView.swift */,
				86825212286C2EEA0095998E /* ExploreView.swift */,
				86825214286C2EF90095998E /* ProfileView.swift */,
				86E755B3287BF87A00BF1B6F /* RepositoriesView.swift */,
			);
			path = Views;
			sourceTree = "<group>";
		};
		86825207286C23A50095998E /* Onboarding */ = {
			isa = PBXGroup;
			children = (
				86825208286C23B30095998E /* SignView.swift */,
			);
			path = Onboarding;
			sourceTree = "<group>";
		};
		8682520A286C2AB40095998E /* Models */ = {
			isa = PBXGroup;
			children = (
				8682520B286C2ABE0095998E /* Items.swift */,
				86BFF113286DA0780041B45C /* GitHub.swift */,
				86BFF11C286E1CF80041B45C /* User.swift */,
				86E755AB287BC51200BF1B6F /* Notifications.swift */,
				86F58A9F287E30C300BC6BC3 /* Repository.swift */,
			);
			path = Models;
			sourceTree = "<group>";
		};
		8682520D286C2E770095998E /* Main */ = {
			isa = PBXGroup;
			children = (
				8682520E286C2E820095998E /* MainView.swift */,
			);
			path = Main;
			sourceTree = "<group>";
		};
		86825218286C30DA0095998E /* Components */ = {
			isa = PBXGroup;
			children = (
				86825219286C30E70095998E /* TitleView.swift */,
				86BFF120286E25890041B45C /* RowIconText.swift */,
				86BFF122286E26910041B45C /* ImageAsync.swift */,
				86E755AD287BCA9800BF1B6F /* NotificationRow.swift */,
				86F58A9D287E28BD00BC6BC3 /* RepositoryRow.swift */,
			);
			path = Components;
			sourceTree = "<group>";
		};
		86BFF10A286D9AB80041B45C /* ViewModels */ = {
			isa = PBXGroup;
			children = (
				86BFF10B286D9AC70041B45C /* AuthViewModel.swift */,
				86BFF11A286E19940041B45C /* LaunchViewModel.swift */,
				86BFF11E286E1DED0041B45C /* ProfileViewModel.swift */,
				86E755B1287BD06900BF1B6F /* NotificationViewModel.swift */,
				86F58AA1287E319800BC6BC3 /* RepositoryViewModel.swift */,
			);
			path = ViewModels;
			sourceTree = "<group>";
		};
		86BFF115286E183F0041B45C /* Launch */ = {
			isa = PBXGroup;
			children = (
				86BFF116286E18AC0041B45C /* LaunchView.swift */,
				86BFF118286E18BC0041B45C /* LaunchScreen.storyboard */,
			);
			path = Launch;
			sourceTree = "<group>";
		};
		86C3BE8A28702C50007AFBBD /* Service */ = {
			isa = PBXGroup;
			children = (
				86C3BE8F28709592007AFBBD /* Routes.swift */,
				86C3BE8D28709572007AFBBD /* Service.swift */,
				86C3BE8B28702C5F007AFBBD /* UserRequest.swift */,
				86F58AA3287E32FF00BC6BC3 /* RepositoryRequest.swift */,
				86E755AF287BCF9300BF1B6F /* NotificationRequest.swift */,
			);
			path = Service;
			sourceTree = "<group>";
		};
/* End PBXGroup section */

/* Begin PBXNativeTarget section */
		868251F2286C23750095998E /* GitHub iOS */ = {
			isa = PBXNativeTarget;
			buildConfigurationList = 86825201286C23760095998E /* Build configuration list for PBXNativeTarget "GitHub iOS" */;
			buildPhases = (
				868251EF286C23750095998E /* Sources */,
				868251F0286C23750095998E /* Frameworks */,
				868251F1286C23750095998E /* Resources */,
			);
			buildRules = (
			);
			dependencies = (
			);
			name = "GitHub iOS";
			packageProductDependencies = (
				8627CB03287B689100CD47A9 /* FirebaseAnalytics */,
				8627CB05287B689100CD47A9 /* FirebaseAuth */,
				8627CB07287B689100CD47A9 /* FirebaseDatabase */,
				8627CB09287B689100CD47A9 /* FirebaseFirestore */,
				8627CB0B287B689100CD47A9 /* FirebaseMessaging */,
				8627CB0D287B689100CD47A9 /* FirebaseStorage */,
				8627CB10287B68D200CD47A9 /* Realm */,
				8627CB12287B68D200CD47A9 /* RealmSwift */,
			);
			productName = "GitHub iOS";
			productReference = 868251F3286C23750095998E /* GitHub iOS.app */;
			productType = "com.apple.product-type.application";
		};
/* End PBXNativeTarget section */

/* Begin PBXProject section */
		868251EB286C23750095998E /* Project object */ = {
			isa = PBXProject;
			attributes = {
				BuildIndependentTargetsInParallel = 1;
				LastSwiftUpdateCheck = 1340;
				LastUpgradeCheck = 1340;
				TargetAttributes = {
					868251F2286C23750095998E = {
						CreatedOnToolsVersion = 13.4.1;
					};
				};
			};
			buildConfigurationList = 868251EE286C23750095998E /* Build configuration list for PBXProject "GitHub iOS" */;
			compatibilityVersion = "Xcode 13.0";
			developmentRegion = en;
			hasScannedForEncodings = 0;
			knownRegions = (
				en,
				Base,
			);
			mainGroup = 868251EA286C23750095998E;
			packageReferences = (
				8627CB02287B689100CD47A9 /* XCRemoteSwiftPackageReference "firebase-ios-sdk" */,
				8627CB0F287B68D200CD47A9 /* XCRemoteSwiftPackageReference "realm-swift" */,
			);
			productRefGroup = 868251F4286C23750095998E /* Products */;
			projectDirPath = "";
			projectRoot = "";
			targets = (
				868251F2286C23750095998E /* GitHub iOS */,
			);
		};
/* End PBXProject section */

/* Begin PBXResourcesBuildPhase section */
		868251F1286C23750095998E /* Resources */ = {
			isa = PBXResourcesBuildPhase;
			buildActionMask = 2147483647;
			files = (
				86BFF0F6286D97B30041B45C /* GoogleService-Info.plist in Resources */,
				86BFF119286E18BC0041B45C /* LaunchScreen.storyboard in Resources */,
				868251FE286C23760095998E /* Preview Assets.xcassets in Resources */,
				868251FB286C23760095998E /* Assets.xcassets in Resources */,
			);
			runOnlyForDeploymentPostprocessing = 0;
		};
/* End PBXResourcesBuildPhase section */

/* Begin PBXSourcesBuildPhase section */
		868251EF286C23750095998E /* Sources */ = {
			isa = PBXSourcesBuildPhase;
			buildActionMask = 2147483647;
			files = (
				86BFF109286D98D90041B45C /* AppDelegate.swift in Sources */,
				86825215286C2EF90095998E /* ProfileView.swift in Sources */,
				86F58AA2287E319800BC6BC3 /* RepositoryViewModel.swift in Sources */,
				86825213286C2EEA0095998E /* ExploreView.swift in Sources */,
				86BFF117286E18AC0041B45C /* LaunchView.swift in Sources */,
				86BFF11D286E1CF80041B45C /* User.swift in Sources */,
				86E755B4287BF87A00BF1B6F /* RepositoriesView.swift in Sources */,
				8682520C286C2ABE0095998E /* Items.swift in Sources */,
				86F58AA0287E30C300BC6BC3 /* Repository.swift in Sources */,
				86825217286C2FC10095998E /* AppState.swift in Sources */,
				86825209286C23B30095998E /* SignView.swift in Sources */,
				86E755B0287BCF9300BF1B6F /* NotificationRequest.swift in Sources */,
				86C3BE8E28709572007AFBBD /* Service.swift in Sources */,
				86C3BE8C28702C5F007AFBBD /* UserRequest.swift in Sources */,
				868251F7286C23750095998E /* GitHub_iOSApp.swift in Sources */,
				86BFF11B286E19940041B45C /* LaunchViewModel.swift in Sources */,
				86BFF114286DA0780041B45C /* GitHub.swift in Sources */,
				86BFF10C286D9AC70041B45C /* AuthViewModel.swift in Sources */,
				86F58AA4287E32FF00BC6BC3 /* RepositoryRequest.swift in Sources */,
				86E755B2287BD06900BF1B6F /* NotificationViewModel.swift in Sources */,
				86BFF123286E26910041B45C /* ImageAsync.swift in Sources */,
				86E755AE287BCA9800BF1B6F /* NotificationRow.swift in Sources */,
				8682520F286C2E820095998E /* MainView.swift in Sources */,
				86BFF11F286E1DED0041B45C /* ProfileViewModel.swift in Sources */,
				86825206286C239A0095998E /* HomeView.swift in Sources */,
				86F58A9E287E28BD00BC6BC3 /* RepositoryRow.swift in Sources */,
				86825211286C2EDD0095998E /* NotificationsView.swift in Sources */,
				86E755AC287BC51200BF1B6F /* Notifications.swift in Sources */,
				86C3BE9028709592007AFBBD /* Routes.swift in Sources */,
				86BFF121286E25890041B45C /* RowIconText.swift in Sources */,
				8682521A286C30E70095998E /* TitleView.swift in Sources */,
			);
			runOnlyForDeploymentPostprocessing = 0;
		};
/* End PBXSourcesBuildPhase section */

/* Begin XCBuildConfiguration section */
		868251FF286C23760095998E /* Debug */ = {
			isa = XCBuildConfiguration;
			buildSettings = {
				ALWAYS_SEARCH_USER_PATHS = NO;
				CLANG_ANALYZER_NONNULL = YES;
				CLANG_ANALYZER_NUMBER_OBJECT_CONVERSION = YES_AGGRESSIVE;
				CLANG_CXX_LANGUAGE_STANDARD = "gnu++17";
				CLANG_ENABLE_MODULES = YES;
				CLANG_ENABLE_OBJC_ARC = YES;
				CLANG_ENABLE_OBJC_WEAK = YES;
				CLANG_WARN_BLOCK_CAPTURE_AUTORELEASING = YES;
				CLANG_WARN_BOOL_CONVERSION = YES;
				CLANG_WARN_COMMA = YES;
				CLANG_WARN_CONSTANT_CONVERSION = YES;
				CLANG_WARN_DEPRECATED_OBJC_IMPLEMENTATIONS = YES;
				CLANG_WARN_DIRECT_OBJC_ISA_USAGE = YES_ERROR;
				CLANG_WARN_DOCUMENTATION_COMMENTS = YES;
				CLANG_WARN_EMPTY_BODY = YES;
				CLANG_WARN_ENUM_CONVERSION = YES;
				CLANG_WARN_INFINITE_RECURSION = YES;
				CLANG_WARN_INT_CONVERSION = YES;
				CLANG_WARN_NON_LITERAL_NULL_CONVERSION = YES;
				CLANG_WARN_OBJC_IMPLICIT_RETAIN_SELF = YES;
				CLANG_WARN_OBJC_LITERAL_CONVERSION = YES;
				CLANG_WARN_OBJC_ROOT_CLASS = YES_ERROR;
				CLANG_WARN_QUOTED_INCLUDE_IN_FRAMEWORK_HEADER = YES;
				CLANG_WARN_RANGE_LOOP_ANALYSIS = YES;
				CLANG_WARN_STRICT_PROTOTYPES = YES;
				CLANG_WARN_SUSPICIOUS_MOVE = YES;
				CLANG_WARN_UNGUARDED_AVAILABILITY = YES_AGGRESSIVE;
				CLANG_WARN_UNREACHABLE_CODE = YES;
				CLANG_WARN__DUPLICATE_METHOD_MATCH = YES;
				COPY_PHASE_STRIP = NO;
				DEBUG_INFORMATION_FORMAT = dwarf;
				ENABLE_STRICT_OBJC_MSGSEND = YES;
				ENABLE_TESTABILITY = YES;
				GCC_C_LANGUAGE_STANDARD = gnu11;
				GCC_DYNAMIC_NO_PIC = NO;
				GCC_NO_COMMON_BLOCKS = YES;
				GCC_OPTIMIZATION_LEVEL = 0;
				GCC_PREPROCESSOR_DEFINITIONS = (
					"DEBUG=1",
					"$(inherited)",
				);
				GCC_WARN_64_TO_32_BIT_CONVERSION = YES;
				GCC_WARN_ABOUT_RETURN_TYPE = YES_ERROR;
				GCC_WARN_UNDECLARED_SELECTOR = YES;
				GCC_WARN_UNINITIALIZED_AUTOS = YES_AGGRESSIVE;
				GCC_WARN_UNUSED_FUNCTION = YES;
				GCC_WARN_UNUSED_VARIABLE = YES;
				IPHONEOS_DEPLOYMENT_TARGET = 15.5;
				MTL_ENABLE_DEBUG_INFO = INCLUDE_SOURCE;
				MTL_FAST_MATH = YES;
				ONLY_ACTIVE_ARCH = YES;
				SDKROOT = iphoneos;
				SWIFT_ACTIVE_COMPILATION_CONDITIONS = DEBUG;
				SWIFT_OPTIMIZATION_LEVEL = "-Onone";
			};
			name = Debug;
		};
		86825200286C23760095998E /* Release */ = {
			isa = XCBuildConfiguration;
			buildSettings = {
				ALWAYS_SEARCH_USER_PATHS = NO;
				CLANG_ANALYZER_NONNULL = YES;
				CLANG_ANALYZER_NUMBER_OBJECT_CONVERSION = YES_AGGRESSIVE;
				CLANG_CXX_LANGUAGE_STANDARD = "gnu++17";
				CLANG_ENABLE_MODULES = YES;
				CLANG_ENABLE_OBJC_ARC = YES;
				CLANG_ENABLE_OBJC_WEAK = YES;
				CLANG_WARN_BLOCK_CAPTURE_AUTORELEASING = YES;
				CLANG_WARN_BOOL_CONVERSION = YES;
				CLANG_WARN_COMMA = YES;
				CLANG_WARN_CONSTANT_CONVERSION = YES;
				CLANG_WARN_DEPRECATED_OBJC_IMPLEMENTATIONS = YES;
				CLANG_WARN_DIRECT_OBJC_ISA_USAGE = YES_ERROR;
				CLANG_WARN_DOCUMENTATION_COMMENTS = YES;
				CLANG_WARN_EMPTY_BODY = YES;
				CLANG_WARN_ENUM_CONVERSION = YES;
				CLANG_WARN_INFINITE_RECURSION = YES;
				CLANG_WARN_INT_CONVERSION = YES;
				CLANG_WARN_NON_LITERAL_NULL_CONVERSION = YES;
				CLANG_WARN_OBJC_IMPLICIT_RETAIN_SELF = YES;
				CLANG_WARN_OBJC_LITERAL_CONVERSION = YES;
				CLANG_WARN_OBJC_ROOT_CLASS = YES_ERROR;
				CLANG_WARN_QUOTED_INCLUDE_IN_FRAMEWORK_HEADER = YES;
				CLANG_WARN_RANGE_LOOP_ANALYSIS = YES;
				CLANG_WARN_STRICT_PROTOTYPES = YES;
				CLANG_WARN_SUSPICIOUS_MOVE = YES;
				CLANG_WARN_UNGUARDED_AVAILABILITY = YES_AGGRESSIVE;
				CLANG_WARN_UNREACHABLE_CODE = YES;
				CLANG_WARN__DUPLICATE_METHOD_MATCH = YES;
				COPY_PHASE_STRIP = NO;
				DEBUG_INFORMATION_FORMAT = "dwarf-with-dsym";
				ENABLE_NS_ASSERTIONS = NO;
				ENABLE_STRICT_OBJC_MSGSEND = YES;
				GCC_C_LANGUAGE_STANDARD = gnu11;
				GCC_NO_COMMON_BLOCKS = YES;
				GCC_WARN_64_TO_32_BIT_CONVERSION = YES;
				GCC_WARN_ABOUT_RETURN_TYPE = YES_ERROR;
				GCC_WARN_UNDECLARED_SELECTOR = YES;
				GCC_WARN_UNINITIALIZED_AUTOS = YES_AGGRESSIVE;
				GCC_WARN_UNUSED_FUNCTION = YES;
				GCC_WARN_UNUSED_VARIABLE = YES;
				IPHONEOS_DEPLOYMENT_TARGET = 15.5;
				MTL_ENABLE_DEBUG_INFO = NO;
				MTL_FAST_MATH = YES;
				SDKROOT = iphoneos;
				SWIFT_COMPILATION_MODE = wholemodule;
				SWIFT_OPTIMIZATION_LEVEL = "-O";
				VALIDATE_PRODUCT = YES;
			};
			name = Release;
		};
		86825202286C23760095998E /* Debug */ = {
			isa = XCBuildConfiguration;
			buildSettings = {
				ASSETCATALOG_COMPILER_APPICON_NAME = AppIcon;
				ASSETCATALOG_COMPILER_GLOBAL_ACCENT_COLOR_NAME = AccentColor;
				CODE_SIGN_STYLE = Automatic;
				CURRENT_PROJECT_VERSION = 1;
				DEVELOPMENT_ASSET_PATHS = "\"GitHub iOS/Preview Content\"";
				DEVELOPMENT_TEAM = DLG2TN82XY;
				ENABLE_PREVIEWS = YES;
				GENERATE_INFOPLIST_FILE = YES;
				INFOPLIST_FILE = "GitHub-iOS-Info.plist";
				INFOPLIST_KEY_CFBundleDisplayName = "GitHub iOS";
				INFOPLIST_KEY_UIApplicationSceneManifest_Generation = YES;
				INFOPLIST_KEY_UIApplicationSupportsIndirectInputEvents = YES;
				INFOPLIST_KEY_UILaunchScreen_Generation = YES;
				INFOPLIST_KEY_UILaunchStoryboardName = LaunchScreen;
				INFOPLIST_KEY_UIMainStoryboardFile = LaunchScreen;
				INFOPLIST_KEY_UISupportedInterfaceOrientations = UIInterfaceOrientationPortrait;
				INFOPLIST_KEY_UISupportedInterfaceOrientations_iPad = "UIInterfaceOrientationPortrait UIInterfaceOrientationPortraitUpsideDown UIInterfaceOrientationLandscapeLeft UIInterfaceOrientationLandscapeRight";
				INFOPLIST_KEY_UISupportedInterfaceOrientations_iPhone = "UIInterfaceOrientationPortrait UIInterfaceOrientationLandscapeLeft UIInterfaceOrientationLandscapeRight";
				INFOPLIST_KEY_UIUserInterfaceStyle = Light;
				LD_RUNPATH_SEARCH_PATHS = (
					"$(inherited)",
					"@executable_path/Frameworks",
				);
				MARKETING_VERSION = 1.0;
				PRODUCT_BUNDLE_IDENTIFIER = "com.linder.GitHub-iOS";
				PRODUCT_NAME = "$(TARGET_NAME)";
				SWIFT_EMIT_LOC_STRINGS = YES;
				SWIFT_VERSION = 5.0;
				TARGETED_DEVICE_FAMILY = "1,2";
			};
			name = Debug;
		};
		86825203286C23760095998E /* Release */ = {
			isa = XCBuildConfiguration;
			buildSettings = {
				ASSETCATALOG_COMPILER_APPICON_NAME = AppIcon;
				ASSETCATALOG_COMPILER_GLOBAL_ACCENT_COLOR_NAME = AccentColor;
				CODE_SIGN_STYLE = Automatic;
				CURRENT_PROJECT_VERSION = 1;
				DEVELOPMENT_ASSET_PATHS = "\"GitHub iOS/Preview Content\"";
				DEVELOPMENT_TEAM = DLG2TN82XY;
				ENABLE_PREVIEWS = YES;
				GENERATE_INFOPLIST_FILE = YES;
				INFOPLIST_FILE = "GitHub-iOS-Info.plist";
				INFOPLIST_KEY_CFBundleDisplayName = "GitHub iOS";
				INFOPLIST_KEY_UIApplicationSceneManifest_Generation = YES;
				INFOPLIST_KEY_UIApplicationSupportsIndirectInputEvents = YES;
				INFOPLIST_KEY_UILaunchScreen_Generation = YES;
				INFOPLIST_KEY_UILaunchStoryboardName = LaunchScreen;
				INFOPLIST_KEY_UIMainStoryboardFile = LaunchScreen;
				INFOPLIST_KEY_UISupportedInterfaceOrientations = UIInterfaceOrientationPortrait;
				INFOPLIST_KEY_UISupportedInterfaceOrientations_iPad = "UIInterfaceOrientationPortrait UIInterfaceOrientationPortraitUpsideDown UIInterfaceOrientationLandscapeLeft UIInterfaceOrientationLandscapeRight";
				INFOPLIST_KEY_UISupportedInterfaceOrientations_iPhone = "UIInterfaceOrientationPortrait UIInterfaceOrientationLandscapeLeft UIInterfaceOrientationLandscapeRight";
				INFOPLIST_KEY_UIUserInterfaceStyle = Light;
				LD_RUNPATH_SEARCH_PATHS = (
					"$(inherited)",
					"@executable_path/Frameworks",
				);
				MARKETING_VERSION = 1.0;
				PRODUCT_BUNDLE_IDENTIFIER = "com.linder.GitHub-iOS";
				PRODUCT_NAME = "$(TARGET_NAME)";
				SWIFT_EMIT_LOC_STRINGS = YES;
				SWIFT_VERSION = 5.0;
				TARGETED_DEVICE_FAMILY = "1,2";
			};
			name = Release;
		};
/* End XCBuildConfiguration section */

/* Begin XCConfigurationList section */
		868251EE286C23750095998E /* Build configuration list for PBXProject "GitHub iOS" */ = {
			isa = XCConfigurationList;
			buildConfigurations = (
				868251FF286C23760095998E /* Debug */,
				86825200286C23760095998E /* Release */,
			);
			defaultConfigurationIsVisible = 0;
			defaultConfigurationName = Release;
		};
		86825201286C23760095998E /* Build configuration list for PBXNativeTarget "GitHub iOS" */ = {
			isa = XCConfigurationList;
			buildConfigurations = (
				86825202286C23760095998E /* Debug */,
				86825203286C23760095998E /* Release */,
			);
			defaultConfigurationIsVisible = 0;
			defaultConfigurationName = Release;
		};
/* End XCConfigurationList section */

/* Begin XCRemoteSwiftPackageReference section */
		8627CB02287B689100CD47A9 /* XCRemoteSwiftPackageReference "firebase-ios-sdk" */ = {
			isa = XCRemoteSwiftPackageReference;
			repositoryURL = "https://github.com/firebase/firebase-ios-sdk";
			requirement = {
				branch = master;
				kind = branch;
			};
		};
		8627CB0F287B68D200CD47A9 /* XCRemoteSwiftPackageReference "realm-swift" */ = {
			isa = XCRemoteSwiftPackageReference;
			repositoryURL = "https://github.com/realm/realm-swift.git";
			requirement = {
				branch = master;
				kind = branch;
			};
		};
/* End XCRemoteSwiftPackageReference section */

/* Begin XCSwiftPackageProductDependency section */
		8627CB03287B689100CD47A9 /* FirebaseAnalytics */ = {
			isa = XCSwiftPackageProductDependency;
			package = 8627CB02287B689100CD47A9 /* XCRemoteSwiftPackageReference "firebase-ios-sdk" */;
			productName = FirebaseAnalytics;
		};
		8627CB05287B689100CD47A9 /* FirebaseAuth */ = {
			isa = XCSwiftPackageProductDependency;
			package = 8627CB02287B689100CD47A9 /* XCRemoteSwiftPackageReference "firebase-ios-sdk" */;
			productName = FirebaseAuth;
		};
		8627CB07287B689100CD47A9 /* FirebaseDatabase */ = {
			isa = XCSwiftPackageProductDependency;
			package = 8627CB02287B689100CD47A9 /* XCRemoteSwiftPackageReference "firebase-ios-sdk" */;
			productName = FirebaseDatabase;
		};
		8627CB09287B689100CD47A9 /* FirebaseFirestore */ = {
			isa = XCSwiftPackageProductDependency;
			package = 8627CB02287B689100CD47A9 /* XCRemoteSwiftPackageReference "firebase-ios-sdk" */;
			productName = FirebaseFirestore;
		};
		8627CB0B287B689100CD47A9 /* FirebaseMessaging */ = {
			isa = XCSwiftPackageProductDependency;
			package = 8627CB02287B689100CD47A9 /* XCRemoteSwiftPackageReference "firebase-ios-sdk" */;
			productName = FirebaseMessaging;
		};
		8627CB0D287B689100CD47A9 /* FirebaseStorage */ = {
			isa = XCSwiftPackageProductDependency;
			package = 8627CB02287B689100CD47A9 /* XCRemoteSwiftPackageReference "firebase-ios-sdk" */;
			productName = FirebaseStorage;
		};
		8627CB10287B68D200CD47A9 /* Realm */ = {
			isa = XCSwiftPackageProductDependency;
			package = 8627CB0F287B68D200CD47A9 /* XCRemoteSwiftPackageReference "realm-swift" */;
			productName = Realm;
		};
		8627CB12287B68D200CD47A9 /* RealmSwift */ = {
			isa = XCSwiftPackageProductDependency;
			package = 8627CB0F287B68D200CD47A9 /* XCRemoteSwiftPackageReference "realm-swift" */;
			productName = RealmSwift;
		};
/* End XCSwiftPackageProductDependency section */
	};
	rootObject = 868251EB286C23750095998E /* Project object */;
}
